
Microsoft Visual Studio Solution File, Format Version 12.00
# Visual Studio Version 17
VisualStudioVersion = 17.8.34330.188
MinimumVisualStudioVersion = 10.0.40219.1
Project("{FAE04EC0-301F-11D3-BF4B-00C04F79EFBC}") = "Dungeon Crawler", "Dungeon Crawler.csproj", "{717C67F7-CF67-40B5-B264-72F759E76E2D}"
EndProject
Global
	GlobalSection(SolutionConfigurationPlatforms) = preSolution
		Debug|Any CPU = Debug|Any CPU
		Release|Any CPU = Release|Any CPU
	EndGlobalSection
	GlobalSection(ProjectConfigurationPlatforms) = postSolution
		{717C67F7-CF67-40B5-B264-72F759E76E2D}.Debug|Any CPU.ActiveCfg = Debug|Any CPU
		{717C67F7-CF67-40B5-B264-72F759E76E2D}.Debug|Any CPU.Build.0 = Debug|Any CPU
		{717C67F7-CF67-40B5-B264-72F759E76E2D}.Release|Any CPU.ActiveCfg = Release|Any CPU
		{717C67F7-CF67-40B5-B264-72F759E76E2D}.Release|Any CPU.Build.0 = Release|Any CPU
	EndGlobalSection
	GlobalSection(SolutionProperties) = preSolution
		HideSolutionNode = FALSE
	EndGlobalSection
	GlobalSection(ExtensibilityGlobals) = postSolution
		SolutionGuid = {81AE9112-DD69-4954-9E41-F6F6F67D1F12}
	EndGlobalSection
EndGlobal
